// !$*UTF8*$!
{
	archiveVersion = 1;
	classes = {
	};
	objectVersion = 55;
	objects = {

/* Begin PBXBuildFile section */
		49E9E90428189EFC007406F0 /* AppDelegate.swift in Sources */ = {isa = PBXBuildFile; fileRef = 49E9E90328189EFC007406F0 /* AppDelegate.swift */; };
		49E9E90628189EFC007406F0 /* SceneDelegate.swift in Sources */ = {isa = PBXBuildFile; fileRef = 49E9E90528189EFC007406F0 /* SceneDelegate.swift */; };
		49E9E90828189EFC007406F0 /* ViewController.swift in Sources */ = {isa = PBXBuildFile; fileRef = 49E9E90728189EFC007406F0 /* ViewController.swift */; };
		49E9E90B28189EFC007406F0 /* Main.storyboard in Resources */ = {isa = PBXBuildFile; fileRef = 49E9E90928189EFC007406F0 /* Main.storyboard */; };
		49E9E90D28189EFF007406F0 /* Assets.xcassets in Resources */ = {isa = PBXBuildFile; fileRef = 49E9E90C28189EFF007406F0 /* Assets.xcassets */; };
		49E9E91028189EFF007406F0 /* LaunchScreen.storyboard in Resources */ = {isa = PBXBuildFile; fileRef = 49E9E90E28189EFF007406F0 /* LaunchScreen.storyboard */; };
		49E9E91B28189EFF007406F0 /* tableViewTests.swift in Sources */ = {isa = PBXBuildFile; fileRef = 49E9E91A28189EFF007406F0 /* tableViewTests.swift */; };
		49E9E92528189EFF007406F0 /* tableViewUITests.swift in Sources */ = {isa = PBXBuildFile; fileRef = 49E9E92428189EFF007406F0 /* tableViewUITests.swift */; };
		49E9E92728189EFF007406F0 /* tableViewUITestsLaunchTests.swift in Sources */ = {isa = PBXBuildFile; fileRef = 49E9E92628189EFF007406F0 /* tableViewUITestsLaunchTests.swift */; };
/* End PBXBuildFile section */

/* Begin PBXContainerItemProxy section */
		49E9E91728189EFF007406F0 /* PBXContainerItemProxy */ = {
			isa = PBXContainerItemProxy;
			containerPortal = 49E9E8F828189EFC007406F0 /* Project object */;
			proxyType = 1;
			remoteGlobalIDString = 49E9E8FF28189EFC007406F0;
			remoteInfo = tableView;
		};
		49E9E92128189EFF007406F0 /* PBXContainerItemProxy */ = {
			isa = PBXContainerItemProxy;
			containerPortal = 49E9E8F828189EFC007406F0 /* Project object */;
			proxyType = 1;
			remoteGlobalIDString = 49E9E8FF28189EFC007406F0;
			remoteInfo = tableView;
		};
/* End PBXContainerItemProxy section */

/* Begin PBXFileReference section */
		49E9E90028189EFC007406F0 /* tableView.app */ = {isa = PBXFileReference; explicitFileType = wrapper.application; includeInIndex = 0; path = tableView.app; sourceTree = BUILT_PRODUCTS_DIR; };
		49E9E90328189EFC007406F0 /* AppDelegate.swift */ = {isa = PBXFileReference; lastKnownFileType = sourcecode.swift; path = AppDelegate.swift; sourceTree = "<group>"; };
		49E9E90528189EFC007406F0 /* SceneDelegate.swift */ = {isa = PBXFileReference; lastKnownFileType = sourcecode.swift; path = SceneDelegate.swift; sourceTree = "<group>"; };
		49E9E90728189EFC007406F0 /* ViewController.swift */ = {isa = PBXFileReference; lastKnownFileType = sourcecode.swift; path = ViewController.swift; sourceTree = "<group>"; };
		49E9E90A28189EFC007406F0 /* Base */ = {isa = PBXFileReference; lastKnownFileType = file.storyboard; name = Base; path = Base.lproj/Main.storyboard; sourceTree = "<group>"; };
		49E9E90C28189EFF007406F0 /* Assets.xcassets */ = {isa = PBXFileReference; lastKnownFileType = folder.assetcatalog; path = Assets.xcassets; sourceTree = "<group>"; };
		49E9E90F28189EFF007406F0 /* Base */ = {isa = PBXFileReference; lastKnownFileType = file.storyboard; name = Base; path = Base.lproj/LaunchScreen.storyboard; sourceTree = "<group>"; };
		49E9E91128189EFF007406F0 /* Info.plist */ = {isa = PBXFileReference; lastKnownFileType = text.plist.xml; path = Info.plist; sourceTree = "<group>"; };
		49E9E91628189EFF007406F0 /* tableViewTests.xctest */ = {isa = PBXFileReference; explicitFileType = wrapper.cfbundle; includeInIndex = 0; path = tableViewTests.xctest; sourceTree = BUILT_PRODUCTS_DIR; };
		49E9E91A28189EFF007406F0 /* tableViewTests.swift */ = {isa = PBXFileReference; lastKnownFileType = sourcecode.swift; path = tableViewTests.swift; sourceTree = "<group>"; };
		49E9E92028189EFF007406F0 /* tableViewUITests.xctest */ = {isa = PBXFileReference; explicitFileType = wrapper.cfbundle; includeInIndex = 0; path = tableViewUITests.xctest; sourceTree = BUILT_PRODUCTS_DIR; };
		49E9E92428189EFF007406F0 /* tableViewUITests.swift */ = {isa = PBXFileReference; lastKnownFileType = sourcecode.swift; path = tableViewUITests.swift; sourceTree = "<group>"; };
		49E9E92628189EFF007406F0 /* tableViewUITestsLaunchTests.swift */ = {isa = PBXFileReference; lastKnownFileType = sourcecode.swift; path = tableViewUITestsLaunchTests.swift; sourceTree = "<group>"; };
/* End PBXFileReference section */

/* Begin PBXFrameworksBuildPhase section */
		49E9E8FD28189EFC007406F0 /* Frameworks */ = {
			isa = PBXFrameworksBuildPhase;
			buildActionMask = 2147483647;
			files = (
			);
			runOnlyForDeploymentPostprocessing = 0;
		};
		49E9E91328189EFF007406F0 /* Frameworks */ = {
			isa = PBXFrameworksBuildPhase;
			buildActionMask = 2147483647;
			files = (
			);
			runOnlyForDeploymentPostprocessing = 0;
		};
		49E9E91D28189EFF007406F0 /* Frameworks */ = {
			isa = PBXFrameworksBuildPhase;
			buildActionMask = 2147483647;
			files = (
			);
			runOnlyForDeploymentPostprocessing = 0;
		};
/* End PBXFrameworksBuildPhase section */

/* Begin PBXGroup section */
		49E9E8F728189EFC007406F0 = {
			isa = PBXGroup;
			children = (
				49E9E90228189EFC007406F0 /* tableView */,
				49E9E91928189EFF007406F0 /* tableViewTests */,
				49E9E92328189EFF007406F0 /* tableViewUITests */,
				49E9E90128189EFC007406F0 /* Products */,
			);
			sourceTree = "<group>";
		};
		49E9E90128189EFC007406F0 /* Products */ = {
			isa = PBXGroup;
			children = (
				49E9E90028189EFC007406F0 /* tableView.app */,
				49E9E91628189EFF007406F0 /* tableViewTests.xctest */,
				49E9E92028189EFF007406F0 /* tableViewUITests.xctest */,
			);
			name = Products;
			sourceTree = "<group>";
		};
		49E9E90228189EFC007406F0 /* tableView */ = {
			isa = PBXGroup;
			children = (
				49E9E90328189EFC007406F0 /* AppDelegate.swift */,
				49E9E90528189EFC007406F0 /* SceneDelegate.swift */,
				49E9E90728189EFC007406F0 /* ViewController.swift */,
				49E9E90928189EFC007406F0 /* Main.storyboard */,
				49E9E90C28189EFF007406F0 /* Assets.xcassets */,
				49E9E90E28189EFF007406F0 /* LaunchScreen.storyboard */,
				49E9E91128189EFF007406F0 /* Info.plist */,
			);
			path = tableView;
			sourceTree = "<group>";
		};
		49E9E91928189EFF007406F0 /* tableViewTests */ = {
			isa = PBXGroup;
			children = (
				49E9E91A28189EFF007406F0 /* tableViewTests.swift */,
			);
			path = tableViewTests;
			sourceTree = "<group>";
		};
		49E9E92328189EFF007406F0 /* tableViewUITests */ = {
			isa = PBXGroup;
			children = (
				49E9E92428189EFF007406F0 /* tableViewUITests.swift */,
				49E9E92628189EFF007406F0 /* tableViewUITestsLaunchTests.swift */,
			);
			path = tableViewUITests;
			sourceTree = "<group>";
		};
/* End PBXGroup section */

/* Begin PBXNativeTarget section */
		49E9E8FF28189EFC007406F0 /* tableView */ = {
			isa = PBXNativeTarget;
			buildConfigurationList = 49E9E92A28189EFF007406F0 /* Build configuration list for PBXNativeTarget "tableView" */;
			buildPhases = (
				49E9E8FC28189EFC007406F0 /* Sources */,
				49E9E8FD28189EFC007406F0 /* Frameworks */,
				49E9E8FE28189EFC007406F0 /* Resources */,
			);
			buildRules = (
			);
			dependencies = (
			);
			name = tableView;
			productName = tableView;
			productReference = 49E9E90028189EFC007406F0 /* tableView.app */;
			productType = "com.apple.product-type.application";
		};
		49E9E91528189EFF007406F0 /* tableViewTests */ = {
			isa = PBXNativeTarget;
			buildConfigurationList = 49E9E92D28189EFF007406F0 /* Build configuration list for PBXNativeTarget "tableViewTests" */;
			buildPhases = (
				49E9E91228189EFF007406F0 /* Sources */,
				49E9E91328189EFF007406F0 /* Frameworks */,
				49E9E91428189EFF007406F0 /* Resources */,
			);
			buildRules = (
			);
			dependencies = (
				49E9E91828189EFF007406F0 /* PBXTargetDependency */,
			);
			name = tableViewTests;
			productName = tableViewTests;
			productReference = 49E9E91628189EFF007406F0 /* tableViewTests.xctest */;
			productType = "com.apple.product-type.bundle.unit-test";
		};
		49E9E91F28189EFF007406F0 /* tableViewUITests */ = {
			isa = PBXNativeTarget;
			buildConfigurationList = 49E9E93028189EFF007406F0 /* Build configuration list for PBXNativeTarget "tableViewUITests" */;
			buildPhases = (
				49E9E91C28189EFF007406F0 /* Sources */,
				49E9E91D28189EFF007406F0 /* Frameworks */,
				49E9E91E28189EFF007406F0 /* Resources */,
			);
			buildRules = (
			);
			dependencies = (
				49E9E92228189EFF007406F0 /* PBXTargetDependency */,
			);
			name = tableViewUITests;
			productName = tableViewUITests;
			productReference = 49E9E92028189EFF007406F0 /* tableViewUITests.xctest */;
			productType = "com.apple.product-type.bundle.ui-testing";
		};
/* End PBXNativeTarget section */

/* Begin PBXProject section */
		49E9E8F828189EFC007406F0 /* Project object */ = {
			isa = PBXProject;
			attributes = {
				BuildIndependentTargetsInParallel = 1;
				LastSwiftUpdateCheck = 1330;
				LastUpgradeCheck = 1330;
				TargetAttributes = {
					49E9E8FF28189EFC007406F0 = {
						CreatedOnToolsVersion = 13.3;
					};
					49E9E91528189EFF007406F0 = {
						CreatedOnToolsVersion = 13.3;
						TestTargetID = 49E9E8FF28189EFC007406F0;
					};
					49E9E91F28189EFF007406F0 = {
						CreatedOnToolsVersion = 13.3;
						TestTargetID = 49E9E8FF28189EFC007406F0;
					};
				};
			};
			buildConfigurationList = 49E9E8FB28189EFC007406F0 /* Build configuration list for PBXProject "tableView" */;
			compatibilityVersion = "Xcode 13.0";
			developmentRegion = en;
			hasScannedForEncodings = 0;
			knownRegions = (
				en,
				Base,
			);
			mainGroup = 49E9E8F728189EFC007406F0;
			productRefGroup = 49E9E90128189EFC007406F0 /* Products */;
			projectDirPath = "";
			projectRoot = "";
			targets = (
				49E9E8FF28189EFC007406F0 /* tableView */,
				49E9E91528189EFF007406F0 /* tableViewTests */,
				49E9E91F28189EFF007406F0 /* tableViewUITests */,
			);
		};
/* End PBXProject section */

/* Begin PBXResourcesBuildPhase section */
		49E9E8FE28189EFC007406F0 /* Resources */ = {
			isa = PBXResourcesBuildPhase;
			buildActionMask = 2147483647;
			files = (
				49E9E91028189EFF007406F0 /* LaunchScreen.storyboard in Resources */,
				49E9E90D28189EFF007406F0 /* Assets.xcassets in Resources */,
				49E9E90B28189EFC007406F0 /* Main.storyboard in Resources */,
			);
			runOnlyForDeploymentPostprocessing = 0;
		};
		49E9E91428189EFF007406F0 /* Resources */ = {
			isa = PBXResourcesBuildPhase;
			buildActionMask = 2147483647;
			files = (
			);
			runOnlyForDeploymentPostprocessing = 0;
		};
		49E9E91E28189EFF007406F0 /* Resources */ = {
			isa = PBXResourcesBuildPhase;
			buildActionMask = 2147483647;
			files = (
			);
			runOnlyForDeploymentPostprocessing = 0;
		};
/* End PBXResourcesBuildPhase section */

/* Begin PBXSourcesBuildPhase section */
		49E9E8FC28189EFC007406F0 /* Sources */ = {
			isa = PBXSourcesBuildPhase;
			buildActionMask = 2147483647;
			files = (
				49E9E90828189EFC007406F0 /* ViewController.swift in Sources */,
				49E9E90428189EFC007406F0 /* AppDelegate.swift in Sources */,
				49E9E90628189EFC007406F0 /* SceneDelegate.swift in Sources */,
			);
			runOnlyForDeploymentPostprocessing = 0;
		};
		49E9E91228189EFF007406F0 /* Sources */ = {
			isa = PBXSourcesBuildPhase;
			buildActionMask = 2147483647;
			files = (
				49E9E91B28189EFF007406F0 /* tableViewTests.swift in Sources */,
			);
			runOnlyForDeploymentPostprocessing = 0;
		};
		49E9E91C28189EFF007406F0 /* Sources */ = {
			isa = PBXSourcesBuildPhase;
			buildActionMask = 2147483647;
			files = (
				49E9E92728189EFF007406F0 /* tableViewUITestsLaunchTests.swift in Sources */,
				49E9E92528189EFF007406F0 /* tableViewUITests.swift in Sources */,
			);
			runOnlyForDeploymentPostprocessing = 0;
		};
/* End PBXSourcesBuildPhase section */

/* Begin PBXTargetDependency section */
		49E9E91828189EFF007406F0 /* PBXTargetDependency */ = {
			isa = PBXTargetDependency;
			target = 49E9E8FF28189EFC007406F0 /* tableView */;
			targetProxy = 49E9E91728189EFF007406F0 /* PBXContainerItemProxy */;
		};
		49E9E92228189EFF007406F0 /* PBXTargetDependency */ = {
			isa = PBXTargetDependency;
			target = 49E9E8FF28189EFC007406F0 /* tableView */;
			targetProxy = 49E9E92128189EFF007406F0 /* PBXContainerItemProxy */;
		};
/* End PBXTargetDependency section */

/* Begin PBXVariantGroup section */
		49E9E90928189EFC007406F0 /* Main.storyboard */ = {
			isa = PBXVariantGroup;
			children = (
				49E9E90A28189EFC007406F0 /* Base */,
			);
			name = Main.storyboard;
			sourceTree = "<group>";
		};
		49E9E90E28189EFF007406F0 /* LaunchScreen.storyboard */ = {
			isa = PBXVariantGroup;
			children = (
				49E9E90F28189EFF007406F0 /* Base */,
			);
			name = LaunchScreen.storyboard;
			sourceTree = "<group>";
		};
/* End PBXVariantGroup section */

/* Begin XCBuildConfiguration section */
		49E9E92828189EFF007406F0 /* Debug */ = {
			isa = XCBuildConfiguration;
			buildSettings = {
				ALWAYS_SEARCH_USER_PATHS = NO;
				CLANG_ANALYZER_NONNULL = YES;
				CLANG_ANALYZER_NUMBER_OBJECT_CONVERSION = YES_AGGRESSIVE;
				CLANG_CXX_LANGUAGE_STANDARD = "gnu++17";
				CLANG_ENABLE_MODULES = YES;
				CLANG_ENABLE_OBJC_ARC = YES;
				CLANG_ENABLE_OBJC_WEAK = YES;
				CLANG_WARN_BLOCK_CAPTURE_AUTORELEASING = YES;
				CLANG_WARN_BOOL_CONVERSION = YES;
				CLANG_WARN_COMMA = YES;
				CLANG_WARN_CONSTANT_CONVERSION = YES;
				CLANG_WARN_DEPRECATED_OBJC_IMPLEMENTATIONS = YES;
				CLANG_WARN_DIRECT_OBJC_ISA_USAGE = YES_ERROR;
				CLANG_WARN_DOCUMENTATION_COMMENTS = YES;
				CLANG_WARN_EMPTY_BODY = YES;
				CLANG_WARN_ENUM_CONVERSION = YES;
				CLANG_WARN_INFINITE_RECURSION = YES;
				CLANG_WARN_INT_CONVERSION = YES;
				CLANG_WARN_NON_LITERAL_NULL_CONVERSION = YES;
				CLANG_WARN_OBJC_IMPLICIT_RETAIN_SELF = YES;
				CLANG_WARN_OBJC_LITERAL_CONVERSION = YES;
				CLANG_WARN_OBJC_ROOT_CLASS = YES_ERROR;
				CLANG_WARN_QUOTED_INCLUDE_IN_FRAMEWORK_HEADER = YES;
				CLANG_WARN_RANGE_LOOP_ANALYSIS = YES;
				CLANG_WARN_STRICT_PROTOTYPES = YES;
				CLANG_WARN_SUSPICIOUS_MOVE = YES;
				CLANG_WARN_UNGUARDED_AVAILABILITY = YES_AGGRESSIVE;
				CLANG_WARN_UNREACHABLE_CODE = YES;
				CLANG_WARN__DUPLICATE_METHOD_MATCH = YES;
				COPY_PHASE_STRIP = NO;
				DEBUG_INFORMATION_FORMAT = dwarf;
				ENABLE_STRICT_OBJC_MSGSEND = YES;
				ENABLE_TESTABILITY = YES;
				GCC_C_LANGUAGE_STANDARD = gnu11;
				GCC_DYNAMIC_NO_PIC = NO;
				GCC_NO_COMMON_BLOCKS = YES;
				GCC_OPTIMIZATION_LEVEL = 0;
				GCC_PREPROCESSOR_DEFINITIONS = (
					"DEBUG=1",
					"$(inherited)",
				);
				GCC_WARN_64_TO_32_BIT_CONVERSION = YES;
				GCC_WARN_ABOUT_RETURN_TYPE = YES_ERROR;
				GCC_WARN_UNDECLARED_SELECTOR = YES;
				GCC_WARN_UNINITIALIZED_AUTOS = YES_AGGRESSIVE;
				GCC_WARN_UNUSED_FUNCTION = YES;
				GCC_WARN_UNUSED_VARIABLE = YES;
				IPHONEOS_DEPLOYMENT_TARGET = 15.4;
				MTL_ENABLE_DEBUG_INFO = INCLUDE_SOURCE;
				MTL_FAST_MATH = YES;
				ONLY_ACTIVE_ARCH = YES;
				SDKROOT = iphoneos;
				SWIFT_ACTIVE_COMPILATION_CONDITIONS = DEBUG;
				SWIFT_OPTIMIZATION_LEVEL = "-Onone";
			};
			name = Debug;
		};
		49E9E92928189EFF007406F0 /* Release */ = {
			isa = XCBuildConfiguration;
			buildSettings = {
				ALWAYS_SEARCH_USER_PATHS = NO;
				CLANG_ANALYZER_NONNULL = YES;
				CLANG_ANALYZER_NUMBER_OBJECT_CONVERSION = YES_AGGRESSIVE;
				CLANG_CXX_LANGUAGE_STANDARD = "gnu++17";
				CLANG_ENABLE_MODULES = YES;
				CLANG_ENABLE_OBJC_ARC = YES;
				CLANG_ENABLE_OBJC_WEAK = YES;
				CLANG_WARN_BLOCK_CAPTURE_AUTORELEASING = YES;
				CLANG_WARN_BOOL_CONVERSION = YES;
				CLANG_WARN_COMMA = YES;
				CLANG_WARN_CONSTANT_CONVERSION = YES;
				CLANG_WARN_DEPRECATED_OBJC_IMPLEMENTATIONS = YES;
				CLANG_WARN_DIRECT_OBJC_ISA_USAGE = YES_ERROR;
				CLANG_WARN_DOCUMENTATION_COMMENTS = YES;
				CLANG_WARN_EMPTY_BODY = YES;
				CLANG_WARN_ENUM_CONVERSION = YES;
				CLANG_WARN_INFINITE_RECURSION = YES;
				CLANG_WARN_INT_CONVERSION = YES;
				CLANG_WARN_NON_LITERAL_NULL_CONVERSION = YES;
				CLANG_WARN_OBJC_IMPLICIT_RETAIN_SELF = YES;
				CLANG_WARN_OBJC_LITERAL_CONVERSION = YES;
				CLANG_WARN_OBJC_ROOT_CLASS = YES_ERROR;
				CLANG_WARN_QUOTED_INCLUDE_IN_FRAMEWORK_HEADER = YES;
				CLANG_WARN_RANGE_LOOP_ANALYSIS = YES;
				CLANG_WARN_STRICT_PROTOTYPES = YES;
				CLANG_WARN_SUSPICIOUS_MOVE = YES;
				CLANG_WARN_UNGUARDED_AVAILABILITY = YES_AGGRESSIVE;
				CLANG_WARN_UNREACHABLE_CODE = YES;
				CLANG_WARN__DUPLICATE_METHOD_MATCH = YES;
				COPY_PHASE_STRIP = NO;
				DEBUG_INFORMATION_FORMAT = "dwarf-with-dsym";
				ENABLE_NS_ASSERTIONS = NO;
				ENABLE_STRICT_OBJC_MSGSEND = YES;
				GCC_C_LANGUAGE_STANDARD = gnu11;
				GCC_NO_COMMON_BLOCKS = YES;
				GCC_WARN_64_TO_32_BIT_CONVERSION = YES;
				GCC_WARN_ABOUT_RETURN_TYPE = YES_ERROR;
				GCC_WARN_UNDECLARED_SELECTOR = YES;
				GCC_WARN_UNINITIALIZED_AUTOS = YES_AGGRESSIVE;
				GCC_WARN_UNUSED_FUNCTION = YES;
				GCC_WARN_UNUSED_VARIABLE = YES;
				IPHONEOS_DEPLOYMENT_TARGET = 15.4;
				MTL_ENABLE_DEBUG_INFO = NO;
				MTL_FAST_MATH = YES;
				SDKROOT = iphoneos;
				SWIFT_COMPILATION_MODE = wholemodule;
				SWIFT_OPTIMIZATION_LEVEL = "-O";
				VALIDATE_PRODUCT = YES;
			};
			name = Release;
		};
		49E9E92B28189EFF007406F0 /* Debug */ = {
			isa = XCBuildConfiguration;
			buildSettings = {
				ASSETCATALOG_COMPILER_APPICON_NAME = AppIcon;
				ASSETCATALOG_COMPILER_GLOBAL_ACCENT_COLOR_NAME = AccentColor;
				CODE_SIGN_STYLE = Automatic;
				CURRENT_PROJECT_VERSION = 1;
				GENERATE_INFOPLIST_FILE = YES;
				INFOPLIST_FILE = tableView/Info.plist;
				INFOPLIST_KEY_UIApplicationSupportsIndirectInputEvents = YES;
				INFOPLIST_KEY_UILaunchStoryboardName = LaunchScreen;
				INFOPLIST_KEY_UIMainStoryboardFile = Main;
				INFOPLIST_KEY_UISupportedInterfaceOrientations_iPad = "UIInterfaceOrientationPortrait UIInterfaceOrientationPortraitUpsideDown UIInterfaceOrientationLandscapeLeft UIInterfaceOrientationLandscapeRight";
				INFOPLIST_KEY_UISupportedInterfaceOrientations_iPhone = "UIInterfaceOrientationPortrait UIInterfaceOrientationLandscapeLeft UIInterfaceOrientationLandscapeRight";
				LD_RUNPATH_SEARCH_PATHS = (
					"$(inherited)",
					"@executable_path/Frameworks",
				);
				MARKETING_VERSION = 1.0;
				PRODUCT_BUNDLE_IDENTIFIER = tableView.tableView;
				PRODUCT_NAME = "$(TARGET_NAME)";
				SWIFT_EMIT_LOC_STRINGS = YES;
				SWIFT_VERSION = 5.0;
				TARGETED_DEVICE_FAMILY = "1,2";
			};
			name = Debug;
		};
		49E9E92C28189EFF007406F0 /* Release */ = {
			isa = XCBuildConfiguration;
			buildSettings = {
				ASSETCATALOG_COMPILER_APPICON_NAME = AppIcon;
				ASSETCATALOG_COMPILER_GLOBAL_ACCENT_COLOR_NAME = AccentColor;
				CODE_SIGN_STYLE = Automatic;
				CURRENT_PROJECT_VERSION = 1;
				GENERATE_INFOPLIST_FILE = YES;
				INFOPLIST_FILE = tableView/Info.plist;
				INFOPLIST_KEY_UIApplicationSupportsIndirectInputEvents = YES;
				INFOPLIST_KEY_UILaunchStoryboardName = LaunchScreen;
				INFOPLIST_KEY_UIMainStoryboardFile = Main;
				INFOPLIST_KEY_UISupportedInterfaceOrientations_iPad = "UIInterfaceOrientationPortrait UIInterfaceOrientationPortraitUpsideDown UIInterfaceOrientationLandscapeLeft UIInterfaceOrientationLandscapeRight";
				INFOPLIST_KEY_UISupportedInterfaceOrientations_iPhone = "UIInterfaceOrientationPortrait UIInterfaceOrientationLandscapeLeft UIInterfaceOrientationLandscapeRight";
				LD_RUNPATH_SEARCH_PATHS = (
					"$(inherited)",
					"@executable_path/Frameworks",
				);
				MARKETING_VERSION = 1.0;
				PRODUCT_BUNDLE_IDENTIFIER = tableView.tableView;
				PRODUCT_NAME = "$(TARGET_NAME)";
				SWIFT_EMIT_LOC_STRINGS = YES;
				SWIFT_VERSION = 5.0;
				TARGETED_DEVICE_FAMILY = "1,2";
			};
			name = Release;
		};
		49E9E92E28189EFF007406F0 /* Debug */ = {
			isa = XCBuildConfiguration;
			buildSettings = {
				ALWAYS_EMBED_SWIFT_STANDARD_LIBRARIES = YES;
				BUNDLE_LOADER = "$(TEST_HOST)";
				CODE_SIGN_STYLE = Automatic;
				CURRENT_PROJECT_VERSION = 1;
				GENERATE_INFOPLIST_FILE = YES;
				IPHONEOS_DEPLOYMENT_TARGET = 15.4;
				MARKETING_VERSION = 1.0;
				PRODUCT_BUNDLE_IDENTIFIER = tableView.tableViewTests;
				PRODUCT_NAME = "$(TARGET_NAME)";
				SWIFT_EMIT_LOC_STRINGS = NO;
				SWIFT_VERSION = 5.0;
				TARGETED_DEVICE_FAMILY = "1,2";
				TEST_HOST = "$(BUILT_PRODUCTS_DIR)/tableView.app/tableView";
			};
			name = Debug;
		};
		49E9E92F28189EFF007406F0 /* Release */ = {
			isa = XCBuildConfiguration;
			buildSettings = {
				ALWAYS_EMBED_SWIFT_STANDARD_LIBRARIES = YES;
				BUNDLE_LOADER = "$(TEST_HOST)";
				CODE_SIGN_STYLE = Automatic;
				CURRENT_PROJECT_VERSION = 1;
				GENERATE_INFOPLIST_FILE = YES;
				IPHONEOS_DEPLOYMENT_TARGET = 15.4;
				MARKETING_VERSION = 1.0;
				PRODUCT_BUNDLE_IDENTIFIER = tableView.tableViewTests;
				PRODUCT_NAME = "$(TARGET_NAME)";
				SWIFT_EMIT_LOC_STRINGS = NO;
				SWIFT_VERSION = 5.0;
				TARGETED_DEVICE_FAMILY = "1,2";
				TEST_HOST = "$(BUILT_PRODUCTS_DIR)/tableView.app/tableView";
			};
			name = Release;
		};
		49E9E93128189EFF007406F0 /* Debug */ = {
			isa = XCBuildConfiguration;
			buildSettings = {
				ALWAYS_EMBED_SWIFT_STANDARD_LIBRARIES = YES;
				CODE_SIGN_STYLE = Automatic;
				CURRENT_PROJECT_VERSION = 1;
				GENERATE_INFOPLIST_FILE = YES;
				MARKETING_VERSION = 1.0;
				PRODUCT_BUNDLE_IDENTIFIER = tableView.tableViewUITests;
				PRODUCT_NAME = "$(TARGET_NAME)";
				SWIFT_EMIT_LOC_STRINGS = NO;
				SWIFT_VERSION = 5.0;
				TARGETED_DEVICE_FAMILY = "1,2";
				TEST_TARGET_NAME = tableView;
			};
			name = Debug;
		};
		49E9E93228189EFF007406F0 /* Release */ = {
			isa = XCBuildConfiguration;
			buildSettings = {
				ALWAYS_EMBED_SWIFT_STANDARD_LIBRARIES = YES;
				CODE_SIGN_STYLE = Automatic;
				CURRENT_PROJECT_VERSION = 1;
				GENERATE_INFOPLIST_FILE = YES;
				MARKETING_VERSION = 1.0;
				PRODUCT_BUNDLE_IDENTIFIER = tableView.tableViewUITests;
				PRODUCT_NAME = "$(TARGET_NAME)";
				SWIFT_EMIT_LOC_STRINGS = NO;
				SWIFT_VERSION = 5.0;
				TARGETED_DEVICE_FAMILY = "1,2";
				TEST_TARGET_NAME = tableView;
			};
			name = Release;
		};
/* End XCBuildConfiguration section */

/* Begin XCConfigurationList section */
		49E9E8FB28189EFC007406F0 /* Build configuration list for PBXProject "tableView" */ = {
			isa = XCConfigurationList;
			buildConfigurations = (
				49E9E92828189EFF007406F0 /* Debug */,
				49E9E92928189EFF007406F0 /* Release */,
			);
			defaultConfigurationIsVisible = 0;
			defaultConfigurationName = Release;
		};
		49E9E92A28189EFF007406F0 /* Build configuration list for PBXNativeTarget "tableView" */ = {
			isa = XCConfigurationList;
			buildConfigurations = (
				49E9E92B28189EFF007406F0 /* Debug */,
				49E9E92C28189EFF007406F0 /* Release */,
			);
			defaultConfigurationIsVisible = 0;
			defaultConfigurationName = Release;
		};
		49E9E92D28189EFF007406F0 /* Build configuration list for PBXNativeTarget "tableViewTests" */ = {
			isa = XCConfigurationList;
			buildConfigurations = (
				49E9E92E28189EFF007406F0 /* Debug */,
				49E9E92F28189EFF007406F0 /* Release */,
			);
			defaultConfigurationIsVisible = 0;
			defaultConfigurationName = Release;
		};
		49E9E93028189EFF007406F0 /* Build configuration list for PBXNativeTarget "tableViewUITests" */ = {
			isa = XCConfigurationList;
			buildConfigurations = (
				49E9E93128189EFF007406F0 /* Debug */,
				49E9E93228189EFF007406F0 /* Release */,
			);
			defaultConfigurationIsVisible = 0;
			defaultConfigurationName = Release;
		};
/* End XCConfigurationList section */
	};
	rootObject = 49E9E8F828189EFC007406F0 /* Project object */;
}
